
Microsoft Visual Studio Solution File, Format Version 12.00
# Visual Studio 14
VisualStudioVersion = 14.0.24720.0
MinimumVisualStudioVersion = 10.0.40219.1
Project("{FAE04EC0-301F-11D3-BF4B-00C04F79EFBC}") = "ModServe1", "ModServe1\ModServe1.csproj", "{C46DD0A5-38F9-411C-9BA6-4B3875ED5EFB}"
EndProject
Global
	GlobalSection(SolutionConfigurationPlatforms) = preSolution
		Debug|Any CPU = Debug|Any CPU
		Release|Any CPU = Release|Any CPU
	EndGlobalSection
	GlobalSection(ProjectConfigurationPlatforms) = postSolution
		{C46DD0A5-38F9-411C-9BA6-4B3875ED5EFB}.Debug|Any CPU.ActiveCfg = Debug|Any CPU
		{C46DD0A5-38F9-411C-9BA6-4B3875ED5EFB}.Debug|Any CPU.Build.0 = Debug|Any CPU
		{C46DD0A5-38F9-411C-9BA6-4B3875ED5EFB}.Release|Any CPU.ActiveCfg = Release|Any CPU
		{C46DD0A5-38F9-411C-9BA6-4B3875ED5EFB}.Release|Any CPU.Build.0 = Release|Any CPU
	EndGlobalSection
	GlobalSection(SolutionProperties) = preSolution
		HideSolutionNode = FALSE
	EndGlobalSection
EndGlobal
